
Microsoft Visual Studio Solution File, Format Version 12.00
# Visual Studio Version 17
VisualStudioVersion = 17.2.32602.215
MinimumVisualStudioVersion = 10.0.40219.1
Project("{FAE04EC0-301F-11D3-BF4B-00C04F79EFBC}") = "PersonalProducts", "PersonalProducts\PersonalProducts.csproj", "{06224DFE-A538-452E-9D3F-917FA1A8756F}"
EndProject
Global
	GlobalSection(SolutionConfigurationPlatforms) = preSolution
		Debug|Any CPU = Debug|Any CPU
		Release|Any CPU = Release|Any CPU
	EndGlobalSection
	GlobalSection(ProjectConfigurationPlatforms) = postSolution
		{06224DFE-A538-452E-9D3F-917FA1A8756F}.Debug|Any CPU.ActiveCfg = Debug|Any CPU
		{06224DFE-A538-452E-9D3F-917FA1A8756F}.Debug|Any CPU.Build.0 = Debug|Any CPU
		{06224DFE-A538-452E-9D3F-917FA1A8756F}.Release|Any CPU.ActiveCfg = Release|Any CPU
		{06224DFE-A538-452E-9D3F-917FA1A8756F}.Release|Any CPU.Build.0 = Release|Any CPU
	EndGlobalSection
	GlobalSection(SolutionProperties) = preSolution
		HideSolutionNode = FALSE
	EndGlobalSection
	GlobalSection(ExtensibilityGlobals) = postSolution
		SolutionGuid = {2B8BFFF1-1125-466D-A23A-D748D33B3DD0}
	EndGlobalSection
EndGlobal
